
Microsoft Visual Studio Solution File, Format Version 12.00
# Visual Studio Version 16
VisualStudioVersion = 16.0.30114.105
MinimumVisualStudioVersion = 10.0.40219.1
Project("{FAE04EC0-301F-11D3-BF4B-00C04F79EFBC}") = "Penguin.Persistence.DependencyInjection.Local", "Penguin.Persistence.DependencyInjection.Local.csproj", "{171F11D1-5F08-48C3-A336-ECF9F2693D3A}"
EndProject
Project("{FAE04EC0-301F-11D3-BF4B-00C04F79EFBC}") = "Penguin.DependencyInjection.Abstractions.Local", "..\Penguin.DependencyInjection.Abstractions\Penguin.DependencyInjection.Abstractions.Local.csproj", "{0FBB9FDE-8883-410E-914B-809FD489F31A}"
EndProject
Project("{FAE04EC0-301F-11D3-BF4B-00C04F79EFBC}") = "Penguin.Configuration.Abstractions.Local", "..\Penguin.Configuration.Abstractions\Penguin.Configuration.Abstractions.Local.csproj", "{014D58F2-D320-40EE-AE57-01FC30D006F7}"
EndProject
Project("{FAE04EC0-301F-11D3-BF4B-00C04F79EFBC}") = "Penguin.Extensions.String.Local", "..\Penguin.Extensions.String\Penguin.Extensions.String.Local.csproj", "{33D0090D-CA40-4B53-BF66-FBF437AF1C92}"
EndProject
Project("{FAE04EC0-301F-11D3-BF4B-00C04F79EFBC}") = "Penguin.Persistence.Abstractions.Local", "..\Penguin.Persistence.Abstractions\Penguin.Persistence.Abstractions.Local.csproj", "{927859ED-0DE5-4B84-837B-BC7C954B4465}"
EndProject
Project("{FAE04EC0-301F-11D3-BF4B-00C04F79EFBC}") = "Penguin.Entities.Abstractions.Local", "..\Penguin.Entities.Abstractions\Penguin.Entities.Abstractions.Local.csproj", "{474F96C4-D383-44F9-A96E-7B88A6F61415}"
EndProject
Project("{FAE04EC0-301F-11D3-BF4B-00C04F79EFBC}") = "Penguin.Reflection.Extensions.Local", "..\Penguin.Reflection.Extensions\Penguin.Reflection.Extensions.Local.csproj", "{2BE7D0F6-042A-491B-81BC-B03B03792981}"
EndProject
Project("{FAE04EC0-301F-11D3-BF4B-00C04F79EFBC}") = "Penguin.Reflection.Abstractions.Local", "..\Penguin.Reflection.Abstractions\Penguin.Reflection.Abstractions.Local.csproj", "{2765C84E-DCBF-4597-85D4-7F0DED3A1AC2}"
EndProject
Project("{FAE04EC0-301F-11D3-BF4B-00C04F79EFBC}") = "Penguin.Debugging.Local", "..\Penguin.Debugging\Penguin.Debugging.Local.csproj", "{625A04FD-7315-4641-85CB-C9805548371B}"
EndProject
Project("{FAE04EC0-301F-11D3-BF4B-00C04F79EFBC}") = "Penguin.Extensions.Exceptions.Local", "..\Penguin.Extensions.Exceptions\Penguin.Extensions.Exceptions.Local.csproj", "{FD3A0EBC-849A-4352-9403-F62F2D544B69}"
EndProject
Project("{FAE04EC0-301F-11D3-BF4B-00C04F79EFBC}") = "Penguin.FileStreams.Local", "..\Penguin.FileStreams\Penguin.FileStreams.Local.csproj", "{048DE0BA-89DE-4F18-A87A-928E893F0F5A}"
EndProject
Global
	GlobalSection(SolutionConfigurationPlatforms) = preSolution
		Debug|Any CPU = Debug|Any CPU
		Debug|x64 = Debug|x64
		Debug|x86 = Debug|x86
		Release|Any CPU = Release|Any CPU
		Release|x64 = Release|x64
		Release|x86 = Release|x86
	EndGlobalSection
	GlobalSection(SolutionProperties) = preSolution
		HideSolutionNode = FALSE
	EndGlobalSection
	GlobalSection(ProjectConfigurationPlatforms) = postSolution
		{171F11D1-5F08-48C3-A336-ECF9F2693D3A}.Debug|Any CPU.ActiveCfg = Debug|Any CPU
		{171F11D1-5F08-48C3-A336-ECF9F2693D3A}.Debug|Any CPU.Build.0 = Debug|Any CPU
		{171F11D1-5F08-48C3-A336-ECF9F2693D3A}.Debug|x64.ActiveCfg = Debug|Any CPU
		{171F11D1-5F08-48C3-A336-ECF9F2693D3A}.Debug|x64.Build.0 = Debug|Any CPU
		{171F11D1-5F08-48C3-A336-ECF9F2693D3A}.Debug|x86.ActiveCfg = Debug|Any CPU
		{171F11D1-5F08-48C3-A336-ECF9F2693D3A}.Debug|x86.Build.0 = Debug|Any CPU
		{171F11D1-5F08-48C3-A336-ECF9F2693D3A}.Release|Any CPU.ActiveCfg = Release|Any CPU
		{171F11D1-5F08-48C3-A336-ECF9F2693D3A}.Release|Any CPU.Build.0 = Release|Any CPU
		{171F11D1-5F08-48C3-A336-ECF9F2693D3A}.Release|x64.ActiveCfg = Release|Any CPU
		{171F11D1-5F08-48C3-A336-ECF9F2693D3A}.Release|x64.Build.0 = Release|Any CPU
		{171F11D1-5F08-48C3-A336-ECF9F2693D3A}.Release|x86.ActiveCfg = Release|Any CPU
		{171F11D1-5F08-48C3-A336-ECF9F2693D3A}.Release|x86.Build.0 = Release|Any CPU
		{0FBB9FDE-8883-410E-914B-809FD489F31A}.Debug|Any CPU.ActiveCfg = Debug|Any CPU
		{0FBB9FDE-8883-410E-914B-809FD489F31A}.Debug|Any CPU.Build.0 = Debug|Any CPU
		{0FBB9FDE-8883-410E-914B-809FD489F31A}.Debug|x64.ActiveCfg = Debug|Any CPU
		{0FBB9FDE-8883-410E-914B-809FD489F31A}.Debug|x64.Build.0 = Debug|Any CPU
		{0FBB9FDE-8883-410E-914B-809FD489F31A}.Debug|x86.ActiveCfg = Debug|Any CPU
		{0FBB9FDE-8883-410E-914B-809FD489F31A}.Debug|x86.Build.0 = Debug|Any CPU
		{0FBB9FDE-8883-410E-914B-809FD489F31A}.Release|Any CPU.ActiveCfg = Release|Any CPU
		{0FBB9FDE-8883-410E-914B-809FD489F31A}.Release|Any CPU.Build.0 = Release|Any CPU
		{0FBB9FDE-8883-410E-914B-809FD489F31A}.Release|x64.ActiveCfg = Release|Any CPU
		{0FBB9FDE-8883-410E-914B-809FD489F31A}.Release|x64.Build.0 = Release|Any CPU
		{0FBB9FDE-8883-410E-914B-809FD489F31A}.Release|x86.ActiveCfg = Release|Any CPU
		{0FBB9FDE-8883-410E-914B-809FD489F31A}.Release|x86.Build.0 = Release|Any CPU
		{014D58F2-D320-40EE-AE57-01FC30D006F7}.Debug|Any CPU.ActiveCfg = Debug|Any CPU
		{014D58F2-D320-40EE-AE57-01FC30D006F7}.Debug|Any CPU.Build.0 = Debug|Any CPU
		{014D58F2-D320-40EE-AE57-01FC30D006F7}.Debug|x64.ActiveCfg = Debug|Any CPU
		{014D58F2-D320-40EE-AE57-01FC30D006F7}.Debug|x64.Build.0 = Debug|Any CPU
		{014D58F2-D320-40EE-AE57-01FC30D006F7}.Debug|x86.ActiveCfg = Debug|Any CPU
		{014D58F2-D320-40EE-AE57-01FC30D006F7}.Debug|x86.Build.0 = Debug|Any CPU
		{014D58F2-D320-40EE-AE57-01FC30D006F7}.Release|Any CPU.ActiveCfg = Release|Any CPU
		{014D58F2-D320-40EE-AE57-01FC30D006F7}.Release|Any CPU.Build.0 = Release|Any CPU
		{014D58F2-D320-40EE-AE57-01FC30D006F7}.Release|x64.ActiveCfg = Release|Any CPU
		{014D58F2-D320-40EE-AE57-01FC30D006F7}.Release|x64.Build.0 = Release|Any CPU
		{014D58F2-D320-40EE-AE57-01FC30D006F7}.Release|x86.ActiveCfg = Release|Any CPU
		{014D58F2-D320-40EE-AE57-01FC30D006F7}.Release|x86.Build.0 = Release|Any CPU
		{33D0090D-CA40-4B53-BF66-FBF437AF1C92}.Debug|Any CPU.ActiveCfg = Debug|Any CPU
		{33D0090D-CA40-4B53-BF66-FBF437AF1C92}.Debug|Any CPU.Build.0 = Debug|Any CPU
		{33D0090D-CA40-4B53-BF66-FBF437AF1C92}.Debug|x64.ActiveCfg = Debug|Any CPU
		{33D0090D-CA40-4B53-BF66-FBF437AF1C92}.Debug|x64.Build.0 = Debug|Any CPU
		{33D0090D-CA40-4B53-BF66-FBF437AF1C92}.Debug|x86.ActiveCfg = Debug|Any CPU
		{33D0090D-CA40-4B53-BF66-FBF437AF1C92}.Debug|x86.Build.0 = Debug|Any CPU
		{33D0090D-CA40-4B53-BF66-FBF437AF1C92}.Release|Any CPU.ActiveCfg = Release|Any CPU
		{33D0090D-CA40-4B53-BF66-FBF437AF1C92}.Release|Any CPU.Build.0 = Release|Any CPU
		{33D0090D-CA40-4B53-BF66-FBF437AF1C92}.Release|x64.ActiveCfg = Release|Any CPU
		{33D0090D-CA40-4B53-BF66-FBF437AF1C92}.Release|x64.Build.0 = Release|Any CPU
		{33D0090D-CA40-4B53-BF66-FBF437AF1C92}.Release|x86.ActiveCfg = Release|Any CPU
		{33D0090D-CA40-4B53-BF66-FBF437AF1C92}.Release|x86.Build.0 = Release|Any CPU
		{927859ED-0DE5-4B84-837B-BC7C954B4465}.Debug|Any CPU.ActiveCfg = Debug|Any CPU
		{927859ED-0DE5-4B84-837B-BC7C954B4465}.Debug|Any CPU.Build.0 = Debug|Any CPU
		{927859ED-0DE5-4B84-837B-BC7C954B4465}.Debug|x64.ActiveCfg = Debug|Any CPU
		{927859ED-0DE5-4B84-837B-BC7C954B4465}.Debug|x64.Build.0 = Debug|Any CPU
		{927859ED-0DE5-4B84-837B-BC7C954B4465}.Debug|x86.ActiveCfg = Debug|Any CPU
		{927859ED-0DE5-4B84-837B-BC7C954B4465}.Debug|x86.Build.0 = Debug|Any CPU
		{927859ED-0DE5-4B84-837B-BC7C954B4465}.Release|Any CPU.ActiveCfg = Release|Any CPU
		{927859ED-0DE5-4B84-837B-BC7C954B4465}.Release|Any CPU.Build.0 = Release|Any CPU
		{927859ED-0DE5-4B84-837B-BC7C954B4465}.Release|x64.ActiveCfg = Release|Any CPU
		{927859ED-0DE5-4B84-837B-BC7C954B4465}.Release|x64.Build.0 = Release|Any CPU
		{927859ED-0DE5-4B84-837B-BC7C954B4465}.Release|x86.ActiveCfg = Release|Any CPU
		{927859ED-0DE5-4B84-837B-BC7C954B4465}.Release|x86.Build.0 = Release|Any CPU
		{474F96C4-D383-44F9-A96E-7B88A6F61415}.Debug|Any CPU.ActiveCfg = Debug|Any CPU
		{474F96C4-D383-44F9-A96E-7B88A6F61415}.Debug|Any CPU.Build.0 = Debug|Any CPU
		{474F96C4-D383-44F9-A96E-7B88A6F61415}.Debug|x64.ActiveCfg = Debug|Any CPU
		{474F96C4-D383-44F9-A96E-7B88A6F61415}.Debug|x64.Build.0 = Debug|Any CPU
		{474F96C4-D383-44F9-A96E-7B88A6F61415}.Debug|x86.ActiveCfg = Debug|Any CPU
		{474F96C4-D383-44F9-A96E-7B88A6F61415}.Debug|x86.Build.0 = Debug|Any CPU
		{474F96C4-D383-44F9-A96E-7B88A6F61415}.Release|Any CPU.ActiveCfg = Release|Any CPU
		{474F96C4-D383-44F9-A96E-7B88A6F61415}.Release|Any CPU.Build.0 = Release|Any CPU
		{474F96C4-D383-44F9-A96E-7B88A6F61415}.Release|x64.ActiveCfg = Release|Any CPU
		{474F96C4-D383-44F9-A96E-7B88A6F61415}.Release|x64.Build.0 = Release|Any CPU
		{474F96C4-D383-44F9-A96E-7B88A6F61415}.Release|x86.ActiveCfg = Release|Any CPU
		{474F96C4-D383-44F9-A96E-7B88A6F61415}.Release|x86.Build.0 = Release|Any CPU
		{2BE7D0F6-042A-491B-81BC-B03B03792981}.Debug|Any CPU.ActiveCfg = Debug|Any CPU
		{2BE7D0F6-042A-491B-81BC-B03B03792981}.Debug|Any CPU.Build.0 = Debug|Any CPU
		{2BE7D0F6-042A-491B-81BC-B03B03792981}.Debug|x64.ActiveCfg = Debug|Any CPU
		{2BE7D0F6-042A-491B-81BC-B03B03792981}.Debug|x64.Build.0 = Debug|Any CPU
		{2BE7D0F6-042A-491B-81BC-B03B03792981}.Debug|x86.ActiveCfg = Debug|Any CPU
		{2BE7D0F6-042A-491B-81BC-B03B03792981}.Debug|x86.Build.0 = Debug|Any CPU
		{2BE7D0F6-042A-491B-81BC-B03B03792981}.Release|Any CPU.ActiveCfg = Release|Any CPU
		{2BE7D0F6-042A-491B-81BC-B03B03792981}.Release|Any CPU.Build.0 = Release|Any CPU
		{2BE7D0F6-042A-491B-81BC-B03B03792981}.Release|x64.ActiveCfg = Release|Any CPU
		{2BE7D0F6-042A-491B-81BC-B03B03792981}.Release|x64.Build.0 = Release|Any CPU
		{2BE7D0F6-042A-491B-81BC-B03B03792981}.Release|x86.ActiveCfg = Release|Any CPU
		{2BE7D0F6-042A-491B-81BC-B03B03792981}.Release|x86.Build.0 = Release|Any CPU
		{2765C84E-DCBF-4597-85D4-7F0DED3A1AC2}.Debug|Any CPU.ActiveCfg = Debug|Any CPU
		{2765C84E-DCBF-4597-85D4-7F0DED3A1AC2}.Debug|Any CPU.Build.0 = Debug|Any CPU
		{2765C84E-DCBF-4597-85D4-7F0DED3A1AC2}.Debug|x64.ActiveCfg = Debug|Any CPU
		{2765C84E-DCBF-4597-85D4-7F0DED3A1AC2}.Debug|x64.Build.0 = Debug|Any CPU
		{2765C84E-DCBF-4597-85D4-7F0DED3A1AC2}.Debug|x86.ActiveCfg = Debug|Any CPU
		{2765C84E-DCBF-4597-85D4-7F0DED3A1AC2}.Debug|x86.Build.0 = Debug|Any CPU
		{2765C84E-DCBF-4597-85D4-7F0DED3A1AC2}.Release|Any CPU.ActiveCfg = Release|Any CPU
		{2765C84E-DCBF-4597-85D4-7F0DED3A1AC2}.Release|Any CPU.Build.0 = Release|Any CPU
		{2765C84E-DCBF-4597-85D4-7F0DED3A1AC2}.Release|x64.ActiveCfg = Release|Any CPU
		{2765C84E-DCBF-4597-85D4-7F0DED3A1AC2}.Release|x64.Build.0 = Release|Any CPU
		{2765C84E-DCBF-4597-85D4-7F0DED3A1AC2}.Release|x86.ActiveCfg = Release|Any CPU
		{2765C84E-DCBF-4597-85D4-7F0DED3A1AC2}.Release|x86.Build.0 = Release|Any CPU
		{625A04FD-7315-4641-85CB-C9805548371B}.Debug|Any CPU.ActiveCfg = Debug|Any CPU
		{625A04FD-7315-4641-85CB-C9805548371B}.Debug|Any CPU.Build.0 = Debug|Any CPU
		{625A04FD-7315-4641-85CB-C9805548371B}.Debug|x64.ActiveCfg = Debug|Any CPU
		{625A04FD-7315-4641-85CB-C9805548371B}.Debug|x64.Build.0 = Debug|Any CPU
		{625A04FD-7315-4641-85CB-C9805548371B}.Debug|x86.ActiveCfg = Debug|Any CPU
		{625A04FD-7315-4641-85CB-C9805548371B}.Debug|x86.Build.0 = Debug|Any CPU
		{625A04FD-7315-4641-85CB-C9805548371B}.Release|Any CPU.ActiveCfg = Release|Any CPU
		{625A04FD-7315-4641-85CB-C9805548371B}.Release|Any CPU.Build.0 = Release|Any CPU
		{625A04FD-7315-4641-85CB-C9805548371B}.Release|x64.ActiveCfg = Release|Any CPU
		{625A04FD-7315-4641-85CB-C9805548371B}.Release|x64.Build.0 = Release|Any CPU
		{625A04FD-7315-4641-85CB-C9805548371B}.Release|x86.ActiveCfg = Release|Any CPU
		{625A04FD-7315-4641-85CB-C9805548371B}.Release|x86.Build.0 = Release|Any CPU
		{FD3A0EBC-849A-4352-9403-F62F2D544B69}.Debug|Any CPU.ActiveCfg = Debug|Any CPU
		{FD3A0EBC-849A-4352-9403-F62F2D544B69}.Debug|Any CPU.Build.0 = Debug|Any CPU
		{FD3A0EBC-849A-4352-9403-F62F2D544B69}.Debug|x64.ActiveCfg = Debug|Any CPU
		{FD3A0EBC-849A-4352-9403-F62F2D544B69}.Debug|x64.Build.0 = Debug|Any CPU
		{FD3A0EBC-849A-4352-9403-F62F2D544B69}.Debug|x86.ActiveCfg = Debug|Any CPU
		{FD3A0EBC-849A-4352-9403-F62F2D544B69}.Debug|x86.Build.0 = Debug|Any CPU
		{FD3A0EBC-849A-4352-9403-F62F2D544B69}.Release|Any CPU.ActiveCfg = Release|Any CPU
		{FD3A0EBC-849A-4352-9403-F62F2D544B69}.Release|Any CPU.Build.0 = Release|Any CPU
		{FD3A0EBC-849A-4352-9403-F62F2D544B69}.Release|x64.ActiveCfg = Release|Any CPU
		{FD3A0EBC-849A-4352-9403-F62F2D544B69}.Release|x64.Build.0 = Release|Any CPU
		{FD3A0EBC-849A-4352-9403-F62F2D544B69}.Release|x86.ActiveCfg = Release|Any CPU
		{FD3A0EBC-849A-4352-9403-F62F2D544B69}.Release|x86.Build.0 = Release|Any CPU
		{048DE0BA-89DE-4F18-A87A-928E893F0F5A}.Debug|Any CPU.ActiveCfg = Debug|Any CPU
		{048DE0BA-89DE-4F18-A87A-928E893F0F5A}.Debug|Any CPU.Build.0 = Debug|Any CPU
		{048DE0BA-89DE-4F18-A87A-928E893F0F5A}.Debug|x64.ActiveCfg = Debug|Any CPU
		{048DE0BA-89DE-4F18-A87A-928E893F0F5A}.Debug|x64.Build.0 = Debug|Any CPU
		{048DE0BA-89DE-4F18-A87A-928E893F0F5A}.Debug|x86.ActiveCfg = Debug|Any CPU
		{048DE0BA-89DE-4F18-A87A-928E893F0F5A}.Debug|x86.Build.0 = Debug|Any CPU
		{048DE0BA-89DE-4F18-A87A-928E893F0F5A}.Release|Any CPU.ActiveCfg = Release|Any CPU
		{048DE0BA-89DE-4F18-A87A-928E893F0F5A}.Release|Any CPU.Build.0 = Release|Any CPU
		{048DE0BA-89DE-4F18-A87A-928E893F0F5A}.Release|x64.ActiveCfg = Release|Any CPU
		{048DE0BA-89DE-4F18-A87A-928E893F0F5A}.Release|x64.Build.0 = Release|Any CPU
		{048DE0BA-89DE-4F18-A87A-928E893F0F5A}.Release|x86.ActiveCfg = Release|Any CPU
		{048DE0BA-89DE-4F18-A87A-928E893F0F5A}.Release|x86.Build.0 = Release|Any CPU
	EndGlobalSection
EndGlobal
